
Microsoft Visual Studio Solution File, Format Version 12.00
# Visual Studio Version 17
VisualStudioVersion = 17.4.33213.308
MinimumVisualStudioVersion = 10.0.40219.1
Project("{FAE04EC0-301F-11D3-BF4B-00C04F79EFBC}") = "Functions", "Functions\Functions.csproj", "{90CD86A8-16CF-4968-AD09-294EFD919659}"
EndProject
Project("{FAE04EC0-301F-11D3-BF4B-00C04F79EFBC}") = "ArgumentsAndParameters", "ArgumentsAndParameters\ArgumentsAndParameters.csproj", "{3BEAF451-D4BC-403C-8FA8-8377531AF503}"
EndProject
Project("{FAE04EC0-301F-11D3-BF4B-00C04F79EFBC}") = "Calculator", "Calculator\Calculator.csproj", "{13DE09D2-BA9C-4FFC-AA25-B293D69611B9}"
EndProject
Project("{FAE04EC0-301F-11D3-BF4B-00C04F79EFBC}") = "DiscountCalculator", "DiscountCalculator\DiscountCalculator.csproj", "{53CB7BB6-D6F5-404D-98E2-63E931D8AAC5}"
EndProject
Global
	GlobalSection(SolutionConfigurationPlatforms) = preSolution
		Debug|Any CPU = Debug|Any CPU
		Release|Any CPU = Release|Any CPU
	EndGlobalSection
	GlobalSection(ProjectConfigurationPlatforms) = postSolution
		{90CD86A8-16CF-4968-AD09-294EFD919659}.Debug|Any CPU.ActiveCfg = Debug|Any CPU
		{90CD86A8-16CF-4968-AD09-294EFD919659}.Debug|Any CPU.Build.0 = Debug|Any CPU
		{90CD86A8-16CF-4968-AD09-294EFD919659}.Release|Any CPU.ActiveCfg = Release|Any CPU
		{90CD86A8-16CF-4968-AD09-294EFD919659}.Release|Any CPU.Build.0 = Release|Any CPU
		{3BEAF451-D4BC-403C-8FA8-8377531AF503}.Debug|Any CPU.ActiveCfg = Debug|Any CPU
		{3BEAF451-D4BC-403C-8FA8-8377531AF503}.Debug|Any CPU.Build.0 = Debug|Any CPU
		{3BEAF451-D4BC-403C-8FA8-8377531AF503}.Release|Any CPU.ActiveCfg = Release|Any CPU
		{3BEAF451-D4BC-403C-8FA8-8377531AF503}.Release|Any CPU.Build.0 = Release|Any CPU
		{13DE09D2-BA9C-4FFC-AA25-B293D69611B9}.Debug|Any CPU.ActiveCfg = Debug|Any CPU
		{13DE09D2-BA9C-4FFC-AA25-B293D69611B9}.Debug|Any CPU.Build.0 = Debug|Any CPU
		{13DE09D2-BA9C-4FFC-AA25-B293D69611B9}.Release|Any CPU.ActiveCfg = Release|Any CPU
		{13DE09D2-BA9C-4FFC-AA25-B293D69611B9}.Release|Any CPU.Build.0 = Release|Any CPU
		{53CB7BB6-D6F5-404D-98E2-63E931D8AAC5}.Debug|Any CPU.ActiveCfg = Debug|Any CPU
		{53CB7BB6-D6F5-404D-98E2-63E931D8AAC5}.Debug|Any CPU.Build.0 = Debug|Any CPU
		{53CB7BB6-D6F5-404D-98E2-63E931D8AAC5}.Release|Any CPU.ActiveCfg = Release|Any CPU
		{53CB7BB6-D6F5-404D-98E2-63E931D8AAC5}.Release|Any CPU.Build.0 = Release|Any CPU
	EndGlobalSection
	GlobalSection(SolutionProperties) = preSolution
		HideSolutionNode = FALSE
	EndGlobalSection
	GlobalSection(ExtensibilityGlobals) = postSolution
		SolutionGuid = {D58CF17F-A717-4394-8042-A62664DA1F71}
	EndGlobalSection
EndGlobal
